// !$*UTF8*$!
{
	archiveVersion = 1;
	classes = {
	};
	objectVersion = 46;
	objects = {

/* Begin PBXBuildFile section */
		2148EE701E2AD06900D0A6B8 /* ProtestViewController.swift in Sources */ = {isa = PBXBuildFile; fileRef = 2148EE6F1E2AD06900D0A6B8 /* ProtestViewController.swift */; };
		2148EE721E2ADA5A00D0A6B8 /* correct.png in Resources */ = {isa = PBXBuildFile; fileRef = 2148EE711E2ADA5A00D0A6B8 /* correct.png */; };
		2176BD6F1E29E02F00668994 /* AppDelegate.swift in Sources */ = {isa = PBXBuildFile; fileRef = 2176BD6E1E29E02F00668994 /* AppDelegate.swift */; };
		2176BD711E29E02F00668994 /* FirstViewController.swift in Sources */ = {isa = PBXBuildFile; fileRef = 2176BD701E29E02F00668994 /* FirstViewController.swift */; };
		2176BD731E29E02F00668994 /* SecondViewController.swift in Sources */ = {isa = PBXBuildFile; fileRef = 2176BD721E29E02F00668994 /* SecondViewController.swift */; };
		2176BD761E29E02F00668994 /* Main.storyboard in Resources */ = {isa = PBXBuildFile; fileRef = 2176BD741E29E02F00668994 /* Main.storyboard */; };
		2176BD781E29E02F00668994 /* Assets.xcassets in Resources */ = {isa = PBXBuildFile; fileRef = 2176BD771E29E02F00668994 /* Assets.xcassets */; };
		2176BD7B1E29E02F00668994 /* LaunchScreen.storyboard in Resources */ = {isa = PBXBuildFile; fileRef = 2176BD791E29E02F00668994 /* LaunchScreen.storyboard */; };
		2176BD841E2A0DED00668994 /* ThirdViewController.swift in Sources */ = {isa = PBXBuildFile; fileRef = 2176BD831E2A0DED00668994 /* ThirdViewController.swift */; };
		21B55CAD1E2AFBD0002B6ED2 /* GoogleService-Info.plist in Resources */ = {isa = PBXBuildFile; fileRef = 21B55CAC1E2AFBD0002B6ED2 /* GoogleService-Info.plist */; };
		21D5F2FC1E2A3A72004D5104 /* TabBarController.swift in Sources */ = {isa = PBXBuildFile; fileRef = 21D5F2FB1E2A3A72004D5104 /* TabBarController.swift */; };
		F01A202F23B33B67C910D068 /* Pods_MoveIt.framework in Frameworks */ = {isa = PBXBuildFile; fileRef = 0F1C02F12FE19B4D36EABFC5 /* Pods_MoveIt.framework */; };
/* End PBXBuildFile section */

/* Begin PBXFileReference section */
		0F1C02F12FE19B4D36EABFC5 /* Pods_MoveIt.framework */ = {isa = PBXFileReference; explicitFileType = wrapper.framework; includeInIndex = 0; path = Pods_MoveIt.framework; sourceTree = BUILT_PRODUCTS_DIR; };
		2148EE6F1E2AD06900D0A6B8 /* ProtestViewController.swift */ = {isa = PBXFileReference; fileEncoding = 4; lastKnownFileType = sourcecode.swift; name = ProtestViewController.swift; path = ../ProtestViewController.swift; sourceTree = "<group>"; };
		2148EE711E2ADA5A00D0A6B8 /* correct.png */ = {isa = PBXFileReference; lastKnownFileType = image.png; name = correct.png; path = ../../../correct.png; sourceTree = "<group>"; };
		2176BD6B1E29E02F00668994 /* MoveIt.app */ = {isa = PBXFileReference; explicitFileType = wrapper.application; includeInIndex = 0; path = MoveIt.app; sourceTree = BUILT_PRODUCTS_DIR; };
		2176BD6E1E29E02F00668994 /* AppDelegate.swift */ = {isa = PBXFileReference; lastKnownFileType = sourcecode.swift; path = AppDelegate.swift; sourceTree = "<group>"; };
		2176BD701E29E02F00668994 /* FirstViewController.swift */ = {isa = PBXFileReference; lastKnownFileType = sourcecode.swift; path = FirstViewController.swift; sourceTree = "<group>"; };
		2176BD721E29E02F00668994 /* SecondViewController.swift */ = {isa = PBXFileReference; lastKnownFileType = sourcecode.swift; path = SecondViewController.swift; sourceTree = "<group>"; };
		2176BD751E29E02F00668994 /* Base */ = {isa = PBXFileReference; lastKnownFileType = file.storyboard; name = Base; path = Base.lproj/Main.storyboard; sourceTree = "<group>"; };
		2176BD771E29E02F00668994 /* Assets.xcassets */ = {isa = PBXFileReference; lastKnownFileType = folder.assetcatalog; path = Assets.xcassets; sourceTree = "<group>"; };
		2176BD7A1E29E02F00668994 /* Base */ = {isa = PBXFileReference; lastKnownFileType = file.storyboard; name = Base; path = Base.lproj/LaunchScreen.storyboard; sourceTree = "<group>"; };
		2176BD7C1E29E02F00668994 /* Info.plist */ = {isa = PBXFileReference; lastKnownFileType = text.plist.xml; path = Info.plist; sourceTree = "<group>"; };
		2176BD821E2A0A0100668994 /* MoveIt.entitlements */ = {isa = PBXFileReference; lastKnownFileType = text.plist.entitlements; path = MoveIt.entitlements; sourceTree = "<group>"; };
		2176BD831E2A0DED00668994 /* ThirdViewController.swift */ = {isa = PBXFileReference; fileEncoding = 4; lastKnownFileType = sourcecode.swift; path = ThirdViewController.swift; sourceTree = "<group>"; };
		21B55CAC1E2AFBD0002B6ED2 /* GoogleService-Info.plist */ = {isa = PBXFileReference; fileEncoding = 4; lastKnownFileType = text.plist.xml; path = "GoogleService-Info.plist"; sourceTree = "<group>"; };
		21B55CAE1E2B10C0002B6ED2 /* CoreLocation.framework */ = {isa = PBXFileReference; lastKnownFileType = wrapper.framework; name = CoreLocation.framework; path = System/Library/Frameworks/CoreLocation.framework; sourceTree = SDKROOT; };
		21D5F2FB1E2A3A72004D5104 /* TabBarController.swift */ = {isa = PBXFileReference; fileEncoding = 4; lastKnownFileType = sourcecode.swift; path = TabBarController.swift; sourceTree = "<group>"; };
		6EDF23E949F1156B51C45AA4 /* Pods-MoveIt.debug.xcconfig */ = {isa = PBXFileReference; includeInIndex = 1; lastKnownFileType = text.xcconfig; name = "Pods-MoveIt.debug.xcconfig"; path = "Pods/Target Support Files/Pods-MoveIt/Pods-MoveIt.debug.xcconfig"; sourceTree = "<group>"; };
		B399400442D2A36A2F9D83CD /* Pods-MoveIt.release.xcconfig */ = {isa = PBXFileReference; includeInIndex = 1; lastKnownFileType = text.xcconfig; name = "Pods-MoveIt.release.xcconfig"; path = "Pods/Target Support Files/Pods-MoveIt/Pods-MoveIt.release.xcconfig"; sourceTree = "<group>"; };
/* End PBXFileReference section */

/* Begin PBXFrameworksBuildPhase section */
		2176BD681E29E02F00668994 /* Frameworks */ = {
			isa = PBXFrameworksBuildPhase;
			buildActionMask = 2147483647;
			files = (
				F01A202F23B33B67C910D068 /* Pods_MoveIt.framework in Frameworks */,
			);
			runOnlyForDeploymentPostprocessing = 0;
		};
/* End PBXFrameworksBuildPhase section */

/* Begin PBXGroup section */
		04265D1E360BED42D661E324 /* Pods */ = {
			isa = PBXGroup;
			children = (
				6EDF23E949F1156B51C45AA4 /* Pods-MoveIt.debug.xcconfig */,
				B399400442D2A36A2F9D83CD /* Pods-MoveIt.release.xcconfig */,
			);
			name = Pods;
			sourceTree = "<group>";
		};
		2176BD621E29E02F00668994 = {
			isa = PBXGroup;
			children = (
				2176BD6D1E29E02F00668994 /* MoveIt */,
				2176BD6C1E29E02F00668994 /* Products */,
				04265D1E360BED42D661E324 /* Pods */,
				D62D64178D3C91417F7F6585 /* Frameworks */,
			);
			sourceTree = "<group>";
		};
		2176BD6C1E29E02F00668994 /* Products */ = {
			isa = PBXGroup;
			children = (
				2176BD6B1E29E02F00668994 /* MoveIt.app */,
			);
			name = Products;
			sourceTree = "<group>";
		};
		2176BD6D1E29E02F00668994 /* MoveIt */ = {
			isa = PBXGroup;
			children = (
				2176BD821E2A0A0100668994 /* MoveIt.entitlements */,
				2176BD6E1E29E02F00668994 /* AppDelegate.swift */,
				2176BD701E29E02F00668994 /* FirstViewController.swift */,
				2176BD721E29E02F00668994 /* SecondViewController.swift */,
				2176BD741E29E02F00668994 /* Main.storyboard */,
				2176BD831E2A0DED00668994 /* ThirdViewController.swift */,
				2148EE6F1E2AD06900D0A6B8 /* ProtestViewController.swift */,
				21D5F2FB1E2A3A72004D5104 /* TabBarController.swift */,
				2176BD771E29E02F00668994 /* Assets.xcassets */,
				2148EE711E2ADA5A00D0A6B8 /* correct.png */,
				2176BD791E29E02F00668994 /* LaunchScreen.storyboard */,
				2176BD7C1E29E02F00668994 /* Info.plist */,
				21B55CAC1E2AFBD0002B6ED2 /* GoogleService-Info.plist */,
			);
			path = MoveIt;
			sourceTree = "<group>";
		};
		D62D64178D3C91417F7F6585 /* Frameworks */ = {
			isa = PBXGroup;
			children = (
				21B55CAE1E2B10C0002B6ED2 /* CoreLocation.framework */,
				0F1C02F12FE19B4D36EABFC5 /* Pods_MoveIt.framework */,
			);
			name = Frameworks;
			sourceTree = "<group>";
		};
/* End PBXGroup section */

/* Begin PBXNativeTarget section */
		2176BD6A1E29E02F00668994 /* MoveIt */ = {
			isa = PBXNativeTarget;
			buildConfigurationList = 2176BD7F1E29E02F00668994 /* Build configuration list for PBXNativeTarget "MoveIt" */;
			buildPhases = (
				CDD5A2D29AA27F3D4F5ADD33 /* [CP] Check Pods Manifest.lock */,
				2176BD671E29E02F00668994 /* Sources */,
				2176BD681E29E02F00668994 /* Frameworks */,
				2176BD691E29E02F00668994 /* Resources */,
				71006E713F9689EF00A6EAA0 /* [CP] Embed Pods Frameworks */,
				9ACCBE6C84B12253A97EDC13 /* [CP] Copy Pods Resources */,
			);
			buildRules = (
			);
			dependencies = (
			);
			name = MoveIt;
			productName = MoveIt;
			productReference = 2176BD6B1E29E02F00668994 /* MoveIt.app */;
			productType = "com.apple.product-type.application";
		};
/* End PBXNativeTarget section */

/* Begin PBXProject section */
		2176BD631E29E02F00668994 /* Project object */ = {
			isa = PBXProject;
			attributes = {
				LastSwiftUpdateCheck = 0820;
				LastUpgradeCheck = 0820;
				ORGANIZATIONNAME = "Lawrence Chen";
				TargetAttributes = {
					2176BD6A1E29E02F00668994 = {
						CreatedOnToolsVersion = 8.2.1;
						DevelopmentTeam = ADG82Z698T;
						ProvisioningStyle = Automatic;
						SystemCapabilities = {
							com.apple.BackgroundModes = {
								enabled = 1;
							};
							com.apple.Keychain = {
								enabled = 1;
							};
						};
					};
				};
			};
			buildConfigurationList = 2176BD661E29E02F00668994 /* Build configuration list for PBXProject "MoveIt" */;
			compatibilityVersion = "Xcode 3.2";
			developmentRegion = English;
			hasScannedForEncodings = 0;
			knownRegions = (
				en,
				Base,
			);
			mainGroup = 2176BD621E29E02F00668994;
			productRefGroup = 2176BD6C1E29E02F00668994 /* Products */;
			projectDirPath = "";
			projectRoot = "";
			targets = (
				2176BD6A1E29E02F00668994 /* MoveIt */,
			);
		};
/* End PBXProject section */

/* Begin PBXResourcesBuildPhase section */
		2176BD691E29E02F00668994 /* Resources */ = {
			isa = PBXResourcesBuildPhase;
			buildActionMask = 2147483647;
			files = (
				2148EE721E2ADA5A00D0A6B8 /* correct.png in Resources */,
				2176BD7B1E29E02F00668994 /* LaunchScreen.storyboard in Resources */,
				21B55CAD1E2AFBD0002B6ED2 /* GoogleService-Info.plist in Resources */,
				2176BD781E29E02F00668994 /* Assets.xcassets in Resources */,
				2176BD761E29E02F00668994 /* Main.storyboard in Resources */,
			);
			runOnlyForDeploymentPostprocessing = 0;
		};
/* End PBXResourcesBuildPhase section */

/* Begin PBXShellScriptBuildPhase section */
		71006E713F9689EF00A6EAA0 /* [CP] Embed Pods Frameworks */ = {
			isa = PBXShellScriptBuildPhase;
			buildActionMask = 2147483647;
			files = (
			);
			inputPaths = (
			);
			name = "[CP] Embed Pods Frameworks";
			outputPaths = (
			);
			runOnlyForDeploymentPostprocessing = 0;
			shellPath = /bin/sh;
			shellScript = "\"${SRCROOT}/Pods/Target Support Files/Pods-MoveIt/Pods-MoveIt-frameworks.sh\"\n";
			showEnvVarsInLog = 0;
		};
		9ACCBE6C84B12253A97EDC13 /* [CP] Copy Pods Resources */ = {
			isa = PBXShellScriptBuildPhase;
			buildActionMask = 2147483647;
			files = (
			);
			inputPaths = (
			);
			name = "[CP] Copy Pods Resources";
			outputPaths = (
			);
			runOnlyForDeploymentPostprocessing = 0;
			shellPath = /bin/sh;
			shellScript = "\"${SRCROOT}/Pods/Target Support Files/Pods-MoveIt/Pods-MoveIt-resources.sh\"\n";
			showEnvVarsInLog = 0;
		};
		CDD5A2D29AA27F3D4F5ADD33 /* [CP] Check Pods Manifest.lock */ = {
			isa = PBXShellScriptBuildPhase;
			buildActionMask = 2147483647;
			files = (
			);
			inputPaths = (
			);
			name = "[CP] Check Pods Manifest.lock";
			outputPaths = (
			);
			runOnlyForDeploymentPostprocessing = 0;
			shellPath = /bin/sh;
			shellScript = "diff \"${PODS_ROOT}/../Podfile.lock\" \"${PODS_ROOT}/Manifest.lock\" > /dev/null\nif [ $? != 0 ] ; then\n    # print error to STDERR\n    echo \"error: The sandbox is not in sync with the Podfile.lock. Run 'pod install' or update your CocoaPods installation.\" >&2\n    exit 1\nfi\n";
			showEnvVarsInLog = 0;
		};
/* End PBXShellScriptBuildPhase section */

/* Begin PBXSourcesBuildPhase section */
		2176BD671E29E02F00668994 /* Sources */ = {
			isa = PBXSourcesBuildPhase;
			buildActionMask = 2147483647;
			files = (
				2148EE701E2AD06900D0A6B8 /* ProtestViewController.swift in Sources */,
				2176BD731E29E02F00668994 /* SecondViewController.swift in Sources */,
				2176BD6F1E29E02F00668994 /* AppDelegate.swift in Sources */,
				2176BD841E2A0DED00668994 /* ThirdViewController.swift in Sources */,
				21D5F2FC1E2A3A72004D5104 /* TabBarController.swift in Sources */,
				2176BD711E29E02F00668994 /* FirstViewController.swift in Sources */,
			);
			runOnlyForDeploymentPostprocessing = 0;
		};
/* End PBXSourcesBuildPhase section */

/* Begin PBXVariantGroup section */
		2176BD741E29E02F00668994 /* Main.storyboard */ = {
			isa = PBXVariantGroup;
			children = (
				2176BD751E29E02F00668994 /* Base */,
			);
			name = Main.storyboard;
			sourceTree = "<group>";
		};
		2176BD791E29E02F00668994 /* LaunchScreen.storyboard */ = {
			isa = PBXVariantGroup;
			children = (
				2176BD7A1E29E02F00668994 /* Base */,
			);
			name = LaunchScreen.storyboard;
			sourceTree = "<group>";
		};
/* End PBXVariantGroup section */

/* Begin XCBuildConfiguration section */
		2176BD7D1E29E02F00668994 /* Debug */ = {
			isa = XCBuildConfiguration;
			buildSettings = {
				ALWAYS_SEARCH_USER_PATHS = NO;
				CLANG_ANALYZER_NONNULL = YES;
				CLANG_CXX_LANGUAGE_STANDARD = "gnu++0x";
				CLANG_CXX_LIBRARY = "libc++";
				CLANG_ENABLE_MODULES = YES;
				CLANG_ENABLE_OBJC_ARC = YES;
				CLANG_WARN_BOOL_CONVERSION = YES;
				CLANG_WARN_CONSTANT_CONVERSION = YES;
				CLANG_WARN_DIRECT_OBJC_ISA_USAGE = YES_ERROR;
				CLANG_WARN_DOCUMENTATION_COMMENTS = YES;
				CLANG_WARN_EMPTY_BODY = YES;
				CLANG_WARN_ENUM_CONVERSION = YES;
				CLANG_WARN_INFINITE_RECURSION = YES;
				CLANG_WARN_INT_CONVERSION = YES;
				CLANG_WARN_OBJC_ROOT_CLASS = YES_ERROR;
				CLANG_WARN_SUSPICIOUS_MOVE = YES;
				CLANG_WARN_UNREACHABLE_CODE = YES;
				CLANG_WARN__DUPLICATE_METHOD_MATCH = YES;
				"CODE_SIGN_IDENTITY[sdk=iphoneos*]" = "iPhone Developer";
				COPY_PHASE_STRIP = NO;
				DEBUG_INFORMATION_FORMAT = dwarf;
				ENABLE_STRICT_OBJC_MSGSEND = YES;
				ENABLE_TESTABILITY = YES;
				GCC_C_LANGUAGE_STANDARD = gnu99;
				GCC_DYNAMIC_NO_PIC = NO;
				GCC_NO_COMMON_BLOCKS = YES;
				GCC_OPTIMIZATION_LEVEL = 0;
				GCC_PREPROCESSOR_DEFINITIONS = (
					"DEBUG=1",
					"$(inherited)",
				);
				GCC_WARN_64_TO_32_BIT_CONVERSION = YES;
				GCC_WARN_ABOUT_RETURN_TYPE = YES_ERROR;
				GCC_WARN_UNDECLARED_SELECTOR = YES;
				GCC_WARN_UNINITIALIZED_AUTOS = YES_AGGRESSIVE;
				GCC_WARN_UNUSED_FUNCTION = YES;
				GCC_WARN_UNUSED_VARIABLE = YES;
				IPHONEOS_DEPLOYMENT_TARGET = 10.2;
				MTL_ENABLE_DEBUG_INFO = YES;
				ONLY_ACTIVE_ARCH = YES;
				SDKROOT = iphoneos;
				SWIFT_ACTIVE_COMPILATION_CONDITIONS = DEBUG;
				SWIFT_OPTIMIZATION_LEVEL = "-Onone";
				TARGETED_DEVICE_FAMILY = "1,2";
			};
			name = Debug;
		};
		2176BD7E1E29E02F00668994 /* Release */ = {
			isa = XCBuildConfiguration;
			buildSettings = {
				ALWAYS_SEARCH_USER_PATHS = NO;
				CLANG_ANALYZER_NONNULL = YES;
				CLANG_CXX_LANGUAGE_STANDARD = "gnu++0x";
				CLANG_CXX_LIBRARY = "libc++";
				CLANG_ENABLE_MODULES = YES;
				CLANG_ENABLE_OBJC_ARC = YES;
				CLANG_WARN_BOOL_CONVERSION = YES;
				CLANG_WARN_CONSTANT_CONVERSION = YES;
				CLANG_WARN_DIRECT_OBJC_ISA_USAGE = YES_ERROR;
				CLANG_WARN_DOCUMENTATION_COMMENTS = YES;
				CLANG_WARN_EMPTY_BODY = YES;
				CLANG_WARN_ENUM_CONVERSION = YES;
				CLANG_WARN_INFINITE_RECURSION = YES;
				CLANG_WARN_INT_CONVERSION = YES;
				CLANG_WARN_OBJC_ROOT_CLASS = YES_ERROR;
				CLANG_WARN_SUSPICIOUS_MOVE = YES;
				CLANG_WARN_UNREACHABLE_CODE = YES;
				CLANG_WARN__DUPLICATE_METHOD_MATCH = YES;
				"CODE_SIGN_IDENTITY[sdk=iphoneos*]" = "iPhone Developer";
				COPY_PHASE_STRIP = NO;
				DEBUG_INFORMATION_FORMAT = "dwarf-with-dsym";
				ENABLE_NS_ASSERTIONS = NO;
				ENABLE_STRICT_OBJC_MSGSEND = YES;
				GCC_C_LANGUAGE_STANDARD = gnu99;
				GCC_NO_COMMON_BLOCKS = YES;
				GCC_WARN_64_TO_32_BIT_CONVERSION = YES;
				GCC_WARN_ABOUT_RETURN_TYPE = YES_ERROR;
				GCC_WARN_UNDECLARED_SELECTOR = YES;
				GCC_WARN_UNINITIALIZED_AUTOS = YES_AGGRESSIVE;
				GCC_WARN_UNUSED_FUNCTION = YES;
				GCC_WARN_UNUSED_VARIABLE = YES;
				IPHONEOS_DEPLOYMENT_TARGET = 10.2;
				MTL_ENABLE_DEBUG_INFO = NO;
				SDKROOT = iphoneos;
				SWIFT_OPTIMIZATION_LEVEL = "-Owholemodule";
				TARGETED_DEVICE_FAMILY = "1,2";
				VALIDATE_PRODUCT = YES;
			};
			name = Release;
		};
		2176BD801E29E02F00668994 /* Debug */ = {
			isa = XCBuildConfiguration;
			baseConfigurationReference = 6EDF23E949F1156B51C45AA4 /* Pods-MoveIt.debug.xcconfig */;
			buildSettings = {
				ASSETCATALOG_COMPILER_APPICON_NAME = AppIcon;
				CODE_SIGN_ENTITLEMENTS = MoveIt/MoveIt.entitlements;
				DEVELOPMENT_TEAM = ADG82Z698T;
				INFOPLIST_FILE = MoveIt/Info.plist;
				LD_RUNPATH_SEARCH_PATHS = "$(inherited) @executable_path/Frameworks";
				PRODUCT_BUNDLE_IDENTIFIER = me.lawrencechen.MoveIt;
				PRODUCT_NAME = "$(TARGET_NAME)";
				SWIFT_VERSION = 3.0;
			};
			name = Debug;
		};
		2176BD811E29E02F00668994 /* Release */ = {
			isa = XCBuildConfiguration;
			baseConfigurationReference = B399400442D2A36A2F9D83CD /* Pods-MoveIt.release.xcconfig */;
			buildSettings = {
				ASSETCATALOG_COMPILER_APPICON_NAME = AppIcon;
				CODE_SIGN_ENTITLEMENTS = MoveIt/MoveIt.entitlements;
				DEVELOPMENT_TEAM = ADG82Z698T;
				INFOPLIST_FILE = MoveIt/Info.plist;
				LD_RUNPATH_SEARCH_PATHS = "$(inherited) @executable_path/Frameworks";
				PRODUCT_BUNDLE_IDENTIFIER = me.lawrencechen.MoveIt;
				PRODUCT_NAME = "$(TARGET_NAME)";
				SWIFT_VERSION = 3.0;
			};
			name = Release;
		};
/* End XCBuildConfiguration section */

/* Begin XCConfigurationList section */
		2176BD661E29E02F00668994 /* Build configuration list for PBXProject "MoveIt" */ = {
			isa = XCConfigurationList;
			buildConfigurations = (
				2176BD7D1E29E02F00668994 /* Debug */,
				2176BD7E1E29E02F00668994 /* Release */,
			);
			defaultConfigurationIsVisible = 0;
			defaultConfigurationName = Release;
		};
		2176BD7F1E29E02F00668994 /* Build configuration list for PBXNativeTarget "MoveIt" */ = {
			isa = XCConfigurationList;
			buildConfigurations = (
				2176BD801E29E02F00668994 /* Debug */,
				2176BD811E29E02F00668994 /* Release */,
			);
			defaultConfigurationIsVisible = 0;
			defaultConfigurationName = Release;
		};
/* End XCConfigurationList section */
	};
	rootObject = 2176BD631E29E02F00668994 /* Project object */;
}
